{
  "name": "e2e-test",
  "version": "1.0.0",
  "lockfileVersion": 3,
  "requires": true,
  "packages": {
    "": {
      "name": "e2e-test",
      "version": "1.0.0",
      "license": "MIT",
      "dependencies": {
        "@onebeyond/agnostic-cms-harmonizer": "file:../../../build"
      }
    },
    "../../../build": {},
    "node_modules/@onebeyond/agnostic-cms-harmonizer": {
      "resolved": "../../../build",
      "link": true
    }
  }
}
